// !$*UTF8*$!
{
	archiveVersion = 1;
	classes = {
	};
	objectVersion = 46;
	objects = {

/* Begin PBXBuildFile section */
		1BA563771814965500A62FF8 /* pizarron.jpg in Resources */ = {isa = PBXBuildFile; fileRef = 1BA563761814965500A62FF8 /* pizarron.jpg */; };
		1BA5638D18149C3300A62FF8 /* MessagesViewController.m in Sources */ = {isa = PBXBuildFile; fileRef = 1BA5638B18149C3300A62FF8 /* MessagesViewController.m */; };
		1BA5638E18149C3300A62FF8 /* MessagesViewController.xib in Resources */ = {isa = PBXBuildFile; fileRef = 1BA5638C18149C3300A62FF8 /* MessagesViewController.xib */; };
		1BA5639218149C5800A62FF8 /* RemindersViewController.m in Sources */ = {isa = PBXBuildFile; fileRef = 1BA5639018149C5800A62FF8 /* RemindersViewController.m */; };
		1BA5639318149C5800A62FF8 /* RemindersViewController.xib in Resources */ = {isa = PBXBuildFile; fileRef = 1BA5639118149C5800A62FF8 /* RemindersViewController.xib */; };
		1BA5639718149C7600A62FF8 /* MyAccountViewController.m in Sources */ = {isa = PBXBuildFile; fileRef = 1BA5639518149C7500A62FF8 /* MyAccountViewController.m */; };
		1BA5639818149C7600A62FF8 /* MyAccountViewController.xib in Resources */ = {isa = PBXBuildFile; fileRef = 1BA5639618149C7600A62FF8 /* MyAccountViewController.xib */; };
		1BA563A11814A8ED00A62FF8 /* NewClassViewController.m in Sources */ = {isa = PBXBuildFile; fileRef = 1BA5639F1814A8ED00A62FF8 /* NewClassViewController.m */; };
		1BA563A21814A8ED00A62FF8 /* NewClassViewController.xib in Resources */ = {isa = PBXBuildFile; fileRef = 1BA563A01814A8ED00A62FF8 /* NewClassViewController.xib */; };
		8F55A26A1826FE9D0062871F /* AddNewClassViewController.m in Sources */ = {isa = PBXBuildFile; fileRef = 8F55A2681826FE9D0062871F /* AddNewClassViewController.m */; };
		8F55A26B1826FE9D0062871F /* AddNewClassViewController.xib in Resources */ = {isa = PBXBuildFile; fileRef = 8F55A2691826FE9D0062871F /* AddNewClassViewController.xib */; };
		8F55A26E182712B70062871F /* HelperMethods.m in Sources */ = {isa = PBXBuildFile; fileRef = 8F55A26D182712B70062871F /* HelperMethods.m */; };
		FA14085D181B517D00EFE6B9 /* message@2x.png in Resources */ = {isa = PBXBuildFile; fileRef = FA14085B181B517D00EFE6B9 /* message@2x.png */; };
		FA14085E181B517D00EFE6B9 /* message.png in Resources */ = {isa = PBXBuildFile; fileRef = FA14085C181B517D00EFE6B9 /* message.png */; };
		FA140860181B541A00EFE6B9 /* account@2x.png in Resources */ = {isa = PBXBuildFile; fileRef = FA14085F181B541A00EFE6B9 /* account@2x.png */; };
		FA140864181B54BF00EFE6B9 /* course@2x.png in Resources */ = {isa = PBXBuildFile; fileRef = FA140862181B54BF00EFE6B9 /* course@2x.png */; };
		FA140867181B54E900EFE6B9 /* reminder.png in Resources */ = {isa = PBXBuildFile; fileRef = FA140865181B54E900EFE6B9 /* reminder.png */; };
		FA140868181B54E900EFE6B9 /* reminder@2x.png in Resources */ = {isa = PBXBuildFile; fileRef = FA140866181B54E900EFE6B9 /* reminder@2x.png */; };
		FA14086A181B55DD00EFE6B9 /* course.png in Resources */ = {isa = PBXBuildFile; fileRef = FA140869181B55DD00EFE6B9 /* course.png */; };
		FA380128181C7F6800EBC2A6 /* AddReminderViewController.m in Sources */ = {isa = PBXBuildFile; fileRef = FA380126181C7F6800EBC2A6 /* AddReminderViewController.m */; };
		FA380129181C7F6800EBC2A6 /* AddReminderViewController.xib in Resources */ = {isa = PBXBuildFile; fileRef = FA380127181C7F6800EBC2A6 /* AddReminderViewController.xib */; };
		FA41B836181C61F700D01E04 /* CoreData.framework in Frameworks */ = {isa = PBXBuildFile; fileRef = FA41B835181C61F700D01E04 /* CoreData.framework */; };
		FA41B839181C64E300D01E04 /* ShareMyClassData.xcdatamodeld in Sources */ = {isa = PBXBuildFile; fileRef = FA41B837181C64E300D01E04 /* ShareMyClassData.xcdatamodeld */; };
		FA41B842181C735A00D01E04 /* fb_button.png in Resources */ = {isa = PBXBuildFile; fileRef = FA41B840181C735900D01E04 /* fb_button.png */; };
		FA41B843181C735A00D01E04 /* loginBackground.png in Resources */ = {isa = PBXBuildFile; fileRef = FA41B841181C735A00D01E04 /* loginBackground.png */; };
		FA4AE01A181F2D1E002F9D2A /* Reminder.m in Sources */ = {isa = PBXBuildFile; fileRef = FA4AE019181F2D1E002F9D2A /* Reminder.m */; };
		FA74F755181CA4D500DFC126 /* saveButton.png in Resources */ = {isa = PBXBuildFile; fileRef = FA74F754181CA4D500DFC126 /* saveButton.png */; };
		FA74F759181CAA2000DFC126 /* textField.png in Resources */ = {isa = PBXBuildFile; fileRef = FA74F758181CAA2000DFC126 /* textField.png */; };
		FA8399381827162500DDF1EE /* MessagesGroupsViewController.m in Sources */ = {isa = PBXBuildFile; fileRef = FA8399361827162500DDF1EE /* MessagesGroupsViewController.m */; };
		FA8399391827162500DDF1EE /* MessagesGroupsViewController.xib in Resources */ = {isa = PBXBuildFile; fileRef = FA8399371827162500DDF1EE /* MessagesGroupsViewController.xib */; };
		FAB364E11804410300AF7FE7 /* loginViewController.m in Sources */ = {isa = PBXBuildFile; fileRef = FAB364DF1804410300AF7FE7 /* loginViewController.m */; };
		FAB364E21804410300AF7FE7 /* loginViewController.xib in Resources */ = {isa = PBXBuildFile; fileRef = FAB364E01804410300AF7FE7 /* loginViewController.xib */; };
		FAD00F0A180399B2007996DC /* UIKit.framework in Frameworks */ = {isa = PBXBuildFile; fileRef = FAD00F09180399B2007996DC /* UIKit.framework */; };
		FAD00F0C180399B2007996DC /* Foundation.framework in Frameworks */ = {isa = PBXBuildFile; fileRef = FAD00F0B180399B2007996DC /* Foundation.framework */; };
		FAD00F0E180399B2007996DC /* CoreGraphics.framework in Frameworks */ = {isa = PBXBuildFile; fileRef = FAD00F0D180399B2007996DC /* CoreGraphics.framework */; };
		FAD00F14180399B2007996DC /* InfoPlist.strings in Resources */ = {isa = PBXBuildFile; fileRef = FAD00F12180399B2007996DC /* InfoPlist.strings */; };
		FAD00F16180399B2007996DC /* main.m in Sources */ = {isa = PBXBuildFile; fileRef = FAD00F15180399B2007996DC /* main.m */; };
		FAD00F1A180399B2007996DC /* AppDelegate.m in Sources */ = {isa = PBXBuildFile; fileRef = FAD00F19180399B2007996DC /* AppDelegate.m */; };
		FAD00F1C180399B2007996DC /* Default.png in Resources */ = {isa = PBXBuildFile; fileRef = FAD00F1B180399B2007996DC /* Default.png */; };
		FAD00F1E180399B2007996DC /* Default@2x.png in Resources */ = {isa = PBXBuildFile; fileRef = FAD00F1D180399B2007996DC /* Default@2x.png */; };
		FAD00F20180399B2007996DC /* Default-568h@2x.png in Resources */ = {isa = PBXBuildFile; fileRef = FAD00F1F180399B2007996DC /* Default-568h@2x.png */; };
		FAD00F23180399B3007996DC /* ViewController.m in Sources */ = {isa = PBXBuildFile; fileRef = FAD00F22180399B3007996DC /* ViewController.m */; };
		FAD00F26180399B3007996DC /* ViewController.xib in Resources */ = {isa = PBXBuildFile; fileRef = FAD00F24180399B3007996DC /* ViewController.xib */; };
		FAD00F2D1803A562007996DC /* FacebookSDK.framework in Frameworks */ = {isa = PBXBuildFile; fileRef = FAD00F2C1803A562007996DC /* FacebookSDK.framework */; };
		FAD898FF181B0C500058FEBB /* account.png in Resources */ = {isa = PBXBuildFile; fileRef = FAD898FE181B0C500058FEBB /* account.png */; };
		FAFF75261819F5190045B3FE /* chalkboard.png in Resources */ = {isa = PBXBuildFile; fileRef = FAFF75251819F5190045B3FE /* chalkboard.png */; };
		FAFF75291819F7BA0045B3FE /* NavBar-Wood.png in Resources */ = {isa = PBXBuildFile; fileRef = FAFF75281819F7BA0045B3FE /* NavBar-Wood.png */; };
/* End PBXBuildFile section */

/* Begin PBXFileReference section */
		1BA563761814965500A62FF8 /* pizarron.jpg */ = {isa = PBXFileReference; lastKnownFileType = image.jpeg; path = pizarron.jpg; sourceTree = "<group>"; };
		1BA5638A18149C3300A62FF8 /* MessagesViewController.h */ = {isa = PBXFileReference; fileEncoding = 4; lastKnownFileType = sourcecode.c.h; path = MessagesViewController.h; sourceTree = "<group>"; };
		1BA5638B18149C3300A62FF8 /* MessagesViewController.m */ = {isa = PBXFileReference; fileEncoding = 4; lastKnownFileType = sourcecode.c.objc; path = MessagesViewController.m; sourceTree = "<group>"; };
		1BA5638C18149C3300A62FF8 /* MessagesViewController.xib */ = {isa = PBXFileReference; fileEncoding = 4; lastKnownFileType = file.xib; path = MessagesViewController.xib; sourceTree = "<group>"; };
		1BA5638F18149C5800A62FF8 /* RemindersViewController.h */ = {isa = PBXFileReference; fileEncoding = 4; lastKnownFileType = sourcecode.c.h; path = RemindersViewController.h; sourceTree = "<group>"; };
		1BA5639018149C5800A62FF8 /* RemindersViewController.m */ = {isa = PBXFileReference; fileEncoding = 4; lastKnownFileType = sourcecode.c.objc; path = RemindersViewController.m; sourceTree = "<group>"; };
		1BA5639118149C5800A62FF8 /* RemindersViewController.xib */ = {isa = PBXFileReference; fileEncoding = 4; lastKnownFileType = file.xib; path = RemindersViewController.xib; sourceTree = "<group>"; };
		1BA5639418149C7500A62FF8 /* MyAccountViewController.h */ = {isa = PBXFileReference; fileEncoding = 4; lastKnownFileType = sourcecode.c.h; path = MyAccountViewController.h; sourceTree = "<group>"; };
		1BA5639518149C7500A62FF8 /* MyAccountViewController.m */ = {isa = PBXFileReference; fileEncoding = 4; lastKnownFileType = sourcecode.c.objc; path = MyAccountViewController.m; sourceTree = "<group>"; };
		1BA5639618149C7600A62FF8 /* MyAccountViewController.xib */ = {isa = PBXFileReference; fileEncoding = 4; lastKnownFileType = file.xib; path = MyAccountViewController.xib; sourceTree = "<group>"; };
		1BA5639E1814A8ED00A62FF8 /* NewClassViewController.h */ = {isa = PBXFileReference; fileEncoding = 4; lastKnownFileType = sourcecode.c.h; path = NewClassViewController.h; sourceTree = "<group>"; };
		1BA5639F1814A8ED00A62FF8 /* NewClassViewController.m */ = {isa = PBXFileReference; fileEncoding = 4; lastKnownFileType = sourcecode.c.objc; path = NewClassViewController.m; sourceTree = "<group>"; };
		1BA563A01814A8ED00A62FF8 /* NewClassViewController.xib */ = {isa = PBXFileReference; fileEncoding = 4; lastKnownFileType = file.xib; path = NewClassViewController.xib; sourceTree = "<group>"; };
		8F55A2671826FE9D0062871F /* AddNewClassViewController.h */ = {isa = PBXFileReference; fileEncoding = 4; lastKnownFileType = sourcecode.c.h; path = AddNewClassViewController.h; sourceTree = "<group>"; };
		8F55A2681826FE9D0062871F /* AddNewClassViewController.m */ = {isa = PBXFileReference; fileEncoding = 4; lastKnownFileType = sourcecode.c.objc; path = AddNewClassViewController.m; sourceTree = "<group>"; };
		8F55A2691826FE9D0062871F /* AddNewClassViewController.xib */ = {isa = PBXFileReference; fileEncoding = 4; lastKnownFileType = file.xib; path = AddNewClassViewController.xib; sourceTree = "<group>"; };
		8F55A26C182712B70062871F /* HelperMethods.h */ = {isa = PBXFileReference; fileEncoding = 4; lastKnownFileType = sourcecode.c.h; path = HelperMethods.h; sourceTree = "<group>"; };
		8F55A26D182712B70062871F /* HelperMethods.m */ = {isa = PBXFileReference; fileEncoding = 4; lastKnownFileType = sourcecode.c.objc; path = HelperMethods.m; sourceTree = "<group>"; };
		FA14085B181B517D00EFE6B9 /* message@2x.png */ = {isa = PBXFileReference; lastKnownFileType = image.png; path = "message@2x.png"; sourceTree = "<group>"; };
		FA14085C181B517D00EFE6B9 /* message.png */ = {isa = PBXFileReference; lastKnownFileType = image.png; path = message.png; sourceTree = "<group>"; };
		FA14085F181B541A00EFE6B9 /* account@2x.png */ = {isa = PBXFileReference; lastKnownFileType = image.png; path = "account@2x.png"; sourceTree = "<group>"; };
		FA140862181B54BF00EFE6B9 /* course@2x.png */ = {isa = PBXFileReference; lastKnownFileType = image.png; path = "course@2x.png"; sourceTree = "<group>"; };
		FA140865181B54E900EFE6B9 /* reminder.png */ = {isa = PBXFileReference; lastKnownFileType = image.png; path = reminder.png; sourceTree = "<group>"; };
		FA140866181B54E900EFE6B9 /* reminder@2x.png */ = {isa = PBXFileReference; lastKnownFileType = image.png; path = "reminder@2x.png"; sourceTree = "<group>"; };
		FA140869181B55DD00EFE6B9 /* course.png */ = {isa = PBXFileReference; lastKnownFileType = image.png; path = course.png; sourceTree = "<group>"; };
		FA380125181C7F6800EBC2A6 /* AddReminderViewController.h */ = {isa = PBXFileReference; fileEncoding = 4; lastKnownFileType = sourcecode.c.h; path = AddReminderViewController.h; sourceTree = "<group>"; };
		FA380126181C7F6800EBC2A6 /* AddReminderViewController.m */ = {isa = PBXFileReference; fileEncoding = 4; lastKnownFileType = sourcecode.c.objc; path = AddReminderViewController.m; sourceTree = "<group>"; };
		FA380127181C7F6800EBC2A6 /* AddReminderViewController.xib */ = {isa = PBXFileReference; fileEncoding = 4; lastKnownFileType = file.xib; path = AddReminderViewController.xib; sourceTree = "<group>"; };
		FA41B835181C61F700D01E04 /* CoreData.framework */ = {isa = PBXFileReference; lastKnownFileType = wrapper.framework; name = CoreData.framework; path = System/Library/Frameworks/CoreData.framework; sourceTree = SDKROOT; };
		FA41B838181C64E300D01E04 /* ShareMyClassData.xcdatamodel */ = {isa = PBXFileReference; lastKnownFileType = wrapper.xcdatamodel; path = ShareMyClassData.xcdatamodel; sourceTree = "<group>"; };
		FA41B840181C735900D01E04 /* fb_button.png */ = {isa = PBXFileReference; lastKnownFileType = image.png; path = fb_button.png; sourceTree = "<group>"; };
		FA41B841181C735A00D01E04 /* loginBackground.png */ = {isa = PBXFileReference; lastKnownFileType = image.png; path = loginBackground.png; sourceTree = "<group>"; };
		FA4AE018181F2D1E002F9D2A /* Reminder.h */ = {isa = PBXFileReference; fileEncoding = 4; lastKnownFileType = sourcecode.c.h; path = Reminder.h; sourceTree = "<group>"; };
		FA4AE019181F2D1E002F9D2A /* Reminder.m */ = {isa = PBXFileReference; fileEncoding = 4; lastKnownFileType = sourcecode.c.objc; path = Reminder.m; sourceTree = "<group>"; };
		FA74F754181CA4D500DFC126 /* saveButton.png */ = {isa = PBXFileReference; lastKnownFileType = image.png; path = saveButton.png; sourceTree = "<group>"; };
		FA74F758181CAA2000DFC126 /* textField.png */ = {isa = PBXFileReference; lastKnownFileType = image.png; path = textField.png; sourceTree = "<group>"; };
		FA8399351827162500DDF1EE /* MessagesGroupsViewController.h */ = {isa = PBXFileReference; fileEncoding = 4; lastKnownFileType = sourcecode.c.h; path = MessagesGroupsViewController.h; sourceTree = "<group>"; };
		FA8399361827162500DDF1EE /* MessagesGroupsViewController.m */ = {isa = PBXFileReference; fileEncoding = 4; lastKnownFileType = sourcecode.c.objc; path = MessagesGroupsViewController.m; sourceTree = "<group>"; };
		FA8399371827162500DDF1EE /* MessagesGroupsViewController.xib */ = {isa = PBXFileReference; fileEncoding = 4; lastKnownFileType = file.xib; path = MessagesGroupsViewController.xib; sourceTree = "<group>"; };
		FAB364DE1804410300AF7FE7 /* loginViewController.h */ = {isa = PBXFileReference; fileEncoding = 4; lastKnownFileType = sourcecode.c.h; path = loginViewController.h; sourceTree = "<group>"; };
		FAB364DF1804410300AF7FE7 /* loginViewController.m */ = {isa = PBXFileReference; fileEncoding = 4; lastKnownFileType = sourcecode.c.objc; path = loginViewController.m; sourceTree = "<group>"; };
		FAB364E01804410300AF7FE7 /* loginViewController.xib */ = {isa = PBXFileReference; fileEncoding = 4; lastKnownFileType = file.xib; path = loginViewController.xib; sourceTree = "<group>"; };
		FAD00F06180399B2007996DC /* ShareMyClass.app */ = {isa = PBXFileReference; explicitFileType = wrapper.application; includeInIndex = 0; path = ShareMyClass.app; sourceTree = BUILT_PRODUCTS_DIR; };
		FAD00F09180399B2007996DC /* UIKit.framework */ = {isa = PBXFileReference; lastKnownFileType = wrapper.framework; name = UIKit.framework; path = System/Library/Frameworks/UIKit.framework; sourceTree = SDKROOT; };
		FAD00F0B180399B2007996DC /* Foundation.framework */ = {isa = PBXFileReference; lastKnownFileType = wrapper.framework; name = Foundation.framework; path = System/Library/Frameworks/Foundation.framework; sourceTree = SDKROOT; };
		FAD00F0D180399B2007996DC /* CoreGraphics.framework */ = {isa = PBXFileReference; lastKnownFileType = wrapper.framework; name = CoreGraphics.framework; path = System/Library/Frameworks/CoreGraphics.framework; sourceTree = SDKROOT; };
		FAD00F11180399B2007996DC /* ShareMyClass-Info.plist */ = {isa = PBXFileReference; lastKnownFileType = text.plist.xml; path = "ShareMyClass-Info.plist"; sourceTree = "<group>"; };
		FAD00F13180399B2007996DC /* en */ = {isa = PBXFileReference; lastKnownFileType = text.plist.strings; name = en; path = en.lproj/InfoPlist.strings; sourceTree = "<group>"; };
		FAD00F15180399B2007996DC /* main.m */ = {isa = PBXFileReference; lastKnownFileType = sourcecode.c.objc; path = main.m; sourceTree = "<group>"; };
		FAD00F17180399B2007996DC /* ShareMyClass-Prefix.pch */ = {isa = PBXFileReference; lastKnownFileType = sourcecode.c.h; path = "ShareMyClass-Prefix.pch"; sourceTree = "<group>"; };
		FAD00F18180399B2007996DC /* AppDelegate.h */ = {isa = PBXFileReference; lastKnownFileType = sourcecode.c.h; path = AppDelegate.h; sourceTree = "<group>"; };
		FAD00F19180399B2007996DC /* AppDelegate.m */ = {isa = PBXFileReference; lastKnownFileType = sourcecode.c.objc; path = AppDelegate.m; sourceTree = "<group>"; };
		FAD00F1B180399B2007996DC /* Default.png */ = {isa = PBXFileReference; lastKnownFileType = image.png; path = Default.png; sourceTree = "<group>"; };
		FAD00F1D180399B2007996DC /* Default@2x.png */ = {isa = PBXFileReference; lastKnownFileType = image.png; path = "Default@2x.png"; sourceTree = "<group>"; };
		FAD00F1F180399B2007996DC /* Default-568h@2x.png */ = {isa = PBXFileReference; lastKnownFileType = image.png; path = "Default-568h@2x.png"; sourceTree = "<group>"; };
		FAD00F21180399B2007996DC /* ViewController.h */ = {isa = PBXFileReference; lastKnownFileType = sourcecode.c.h; path = ViewController.h; sourceTree = "<group>"; };
		FAD00F22180399B3007996DC /* ViewController.m */ = {isa = PBXFileReference; lastKnownFileType = sourcecode.c.objc; path = ViewController.m; sourceTree = "<group>"; };
		FAD00F25180399B3007996DC /* en */ = {isa = PBXFileReference; lastKnownFileType = file.xib; name = en; path = en.lproj/ViewController.xib; sourceTree = "<group>"; };
		FAD00F2C1803A562007996DC /* FacebookSDK.framework */ = {isa = PBXFileReference; lastKnownFileType = wrapper.framework; path = FacebookSDK.framework; sourceTree = "<group>"; };
		FAD898FE181B0C500058FEBB /* account.png */ = {isa = PBXFileReference; lastKnownFileType = image.png; path = account.png; sourceTree = "<group>"; };
		FAFF75251819F5190045B3FE /* chalkboard.png */ = {isa = PBXFileReference; lastKnownFileType = image.png; path = chalkboard.png; sourceTree = "<group>"; };
		FAFF75281819F7BA0045B3FE /* NavBar-Wood.png */ = {isa = PBXFileReference; lastKnownFileType = image.png; path = "NavBar-Wood.png"; sourceTree = "<group>"; };
/* End PBXFileReference section */

/* Begin PBXFrameworksBuildPhase section */
		FAD00F03180399B2007996DC /* Frameworks */ = {
			isa = PBXFrameworksBuildPhase;
			buildActionMask = 2147483647;
			files = (
				FA41B836181C61F700D01E04 /* CoreData.framework in Frameworks */,
				FAD00F0A180399B2007996DC /* UIKit.framework in Frameworks */,
				FAD00F0C180399B2007996DC /* Foundation.framework in Frameworks */,
				FAD00F0E180399B2007996DC /* CoreGraphics.framework in Frameworks */,
				FAD00F2D1803A562007996DC /* FacebookSDK.framework in Frameworks */,
			);
			runOnlyForDeploymentPostprocessing = 0;
		};
/* End PBXFrameworksBuildPhase section */

/* Begin PBXGroup section */
		1BA563751814963F00A62FF8 /* img */ = {
			isa = PBXGroup;
			children = (
				FA14085B181B517D00EFE6B9 /* message@2x.png */,
				FA14085C181B517D00EFE6B9 /* message.png */,
				FAFF75251819F5190045B3FE /* chalkboard.png */,
				FA140862181B54BF00EFE6B9 /* course@2x.png */,
				FA74F758181CAA2000DFC126 /* textField.png */,
				FAFF75281819F7BA0045B3FE /* NavBar-Wood.png */,
				FA41B840181C735900D01E04 /* fb_button.png */,
				FA74F754181CA4D500DFC126 /* saveButton.png */,
				FA41B841181C735A00D01E04 /* loginBackground.png */,
				FA140865181B54E900EFE6B9 /* reminder.png */,
				FA140866181B54E900EFE6B9 /* reminder@2x.png */,
				FA140869181B55DD00EFE6B9 /* course.png */,
				1BA563761814965500A62FF8 /* pizarron.jpg */,
				FA14085F181B541A00EFE6B9 /* account@2x.png */,
				FAD898FE181B0C500058FEBB /* account.png */,
			);
			name = img;
			sourceTree = "<group>";
		};
		FAD00EFD180399B2007996DC = {
			isa = PBXGroup;
			children = (
				FAD00F0F180399B2007996DC /* ShareMyClass */,
				FAD00F08180399B2007996DC /* Frameworks */,
				FAD00F07180399B2007996DC /* Products */,
			);
			sourceTree = "<group>";
		};
		FAD00F07180399B2007996DC /* Products */ = {
			isa = PBXGroup;
			children = (
				FAD00F06180399B2007996DC /* ShareMyClass.app */,
			);
			name = Products;
			sourceTree = "<group>";
		};
		FAD00F08180399B2007996DC /* Frameworks */ = {
			isa = PBXGroup;
			children = (
				FA41B835181C61F700D01E04 /* CoreData.framework */,
				FAD00F2C1803A562007996DC /* FacebookSDK.framework */,
				FAD00F09180399B2007996DC /* UIKit.framework */,
				FAD00F0B180399B2007996DC /* Foundation.framework */,
				FAD00F0D180399B2007996DC /* CoreGraphics.framework */,
			);
			name = Frameworks;
			sourceTree = "<group>";
		};
		FAD00F0F180399B2007996DC /* ShareMyClass */ = {
			isa = PBXGroup;
			children = (
				FAD00F18180399B2007996DC /* AppDelegate.h */,
				1BA563751814963F00A62FF8 /* img */,
				FAD00F19180399B2007996DC /* AppDelegate.m */,
				FAD00F21180399B2007996DC /* ViewController.h */,
				FAD00F22180399B3007996DC /* ViewController.m */,
				FAD00F24180399B3007996DC /* ViewController.xib */,
				FAD00F10180399B2007996DC /* Supporting Files */,
				FAB364DE1804410300AF7FE7 /* loginViewController.h */,
				FAB364DF1804410300AF7FE7 /* loginViewController.m */,
				FAB364E01804410300AF7FE7 /* loginViewController.xib */,
				1BA5638A18149C3300A62FF8 /* MessagesViewController.h */,
				1BA5638B18149C3300A62FF8 /* MessagesViewController.m */,
				1BA5638C18149C3300A62FF8 /* MessagesViewController.xib */,
				1BA5638F18149C5800A62FF8 /* RemindersViewController.h */,
				1BA5639018149C5800A62FF8 /* RemindersViewController.m */,
				1BA5639118149C5800A62FF8 /* RemindersViewController.xib */,
				1BA5639418149C7500A62FF8 /* MyAccountViewController.h */,
				1BA5639518149C7500A62FF8 /* MyAccountViewController.m */,
				1BA5639618149C7600A62FF8 /* MyAccountViewController.xib */,
				1BA5639E1814A8ED00A62FF8 /* NewClassViewController.h */,
				1BA5639F1814A8ED00A62FF8 /* NewClassViewController.m */,
				1BA563A01814A8ED00A62FF8 /* NewClassViewController.xib */,
				FA41B837181C64E300D01E04 /* ShareMyClassData.xcdatamodeld */,
				FA380125181C7F6800EBC2A6 /* AddReminderViewController.h */,
				FA380126181C7F6800EBC2A6 /* AddReminderViewController.m */,
				FA380127181C7F6800EBC2A6 /* AddReminderViewController.xib */,
				FA4AE018181F2D1E002F9D2A /* Reminder.h */,
				FA4AE019181F2D1E002F9D2A /* Reminder.m */,
				8F55A2671826FE9D0062871F /* AddNewClassViewController.h */,
				8F55A2681826FE9D0062871F /* AddNewClassViewController.m */,
				8F55A2691826FE9D0062871F /* AddNewClassViewController.xib */,
				8F55A26C182712B70062871F /* HelperMethods.h */,
				8F55A26D182712B70062871F /* HelperMethods.m */,
				FA8399351827162500DDF1EE /* MessagesGroupsViewController.h */,
				FA8399361827162500DDF1EE /* MessagesGroupsViewController.m */,
				FA8399371827162500DDF1EE /* MessagesGroupsViewController.xib */,
			);
			path = ShareMyClass;
			sourceTree = "<group>";
		};
		FAD00F10180399B2007996DC /* Supporting Files */ = {
			isa = PBXGroup;
			children = (
				FAD00F11180399B2007996DC /* ShareMyClass-Info.plist */,
				FAD00F12180399B2007996DC /* InfoPlist.strings */,
				FAD00F15180399B2007996DC /* main.m */,
				FAD00F17180399B2007996DC /* ShareMyClass-Prefix.pch */,
				FAD00F1B180399B2007996DC /* Default.png */,
				FAD00F1D180399B2007996DC /* Default@2x.png */,
				FAD00F1F180399B2007996DC /* Default-568h@2x.png */,
			);
			name = "Supporting Files";
			sourceTree = "<group>";
		};
/* End PBXGroup section */

/* Begin PBXNativeTarget section */
		FAD00F05180399B2007996DC /* ShareMyClass */ = {
			isa = PBXNativeTarget;
			buildConfigurationList = FAD00F29180399B3007996DC /* Build configuration list for PBXNativeTarget "ShareMyClass" */;
			buildPhases = (
				FAD00F02180399B2007996DC /* Sources */,
				FAD00F03180399B2007996DC /* Frameworks */,
				FAD00F04180399B2007996DC /* Resources */,
			);
			buildRules = (
			);
			dependencies = (
			);
			name = ShareMyClass;
			productName = ShareMyClass;
			productReference = FAD00F06180399B2007996DC /* ShareMyClass.app */;
			productType = "com.apple.product-type.application";
		};
/* End PBXNativeTarget section */

/* Begin PBXProject section */
		FAD00EFE180399B2007996DC /* Project object */ = {
			isa = PBXProject;
			attributes = {
				LastUpgradeCheck = 0460;
				ORGANIZATIONNAME = ITESM;
			};
			buildConfigurationList = FAD00F01180399B2007996DC /* Build configuration list for PBXProject "ShareMyClass" */;
			compatibilityVersion = "Xcode 3.2";
			developmentRegion = English;
			hasScannedForEncodings = 0;
			knownRegions = (
				en,
			);
			mainGroup = FAD00EFD180399B2007996DC;
			productRefGroup = FAD00F07180399B2007996DC /* Products */;
			projectDirPath = "";
			projectRoot = "";
			targets = (
				FAD00F05180399B2007996DC /* ShareMyClass */,
			);
		};
/* End PBXProject section */

/* Begin PBXResourcesBuildPhase section */
		FAD00F04180399B2007996DC /* Resources */ = {
			isa = PBXResourcesBuildPhase;
			buildActionMask = 2147483647;
			files = (
				FA14085E181B517D00EFE6B9 /* message.png in Resources */,
				FAD00F14180399B2007996DC /* InfoPlist.strings in Resources */,
				FAD00F1C180399B2007996DC /* Default.png in Resources */,
				FAD00F1E180399B2007996DC /* Default@2x.png in Resources */,
				FA8399391827162500DDF1EE /* MessagesGroupsViewController.xib in Resources */,
				FAFF75261819F5190045B3FE /* chalkboard.png in Resources */,
				FAD00F20180399B2007996DC /* Default-568h@2x.png in Resources */,
				FA41B843181C735A00D01E04 /* loginBackground.png in Resources */,
				FA74F759181CAA2000DFC126 /* textField.png in Resources */,
				FAD00F26180399B3007996DC /* ViewController.xib in Resources */,
				FAB364E21804410300AF7FE7 /* loginViewController.xib in Resources */,
				FA140868181B54E900EFE6B9 /* reminder@2x.png in Resources */,
				1BA563771814965500A62FF8 /* pizarron.jpg in Resources */,
				FAD898FF181B0C500058FEBB /* account.png in Resources */,
				FA41B842181C735A00D01E04 /* fb_button.png in Resources */,
				1BA5638E18149C3300A62FF8 /* MessagesViewController.xib in Resources */,
				1BA5639318149C5800A62FF8 /* RemindersViewController.xib in Resources */,
				FA140860181B541A00EFE6B9 /* account@2x.png in Resources */,
				FA140867181B54E900EFE6B9 /* reminder.png in Resources */,
				1BA5639818149C7600A62FF8 /* MyAccountViewController.xib in Resources */,
				FA140864181B54BF00EFE6B9 /* course@2x.png in Resources */,
				FA14086A181B55DD00EFE6B9 /* course.png in Resources */,
				FA380129181C7F6800EBC2A6 /* AddReminderViewController.xib in Resources */,
				FA74F755181CA4D500DFC126 /* saveButton.png in Resources */,
				FAFF75291819F7BA0045B3FE /* NavBar-Wood.png in Resources */,
				1BA563A21814A8ED00A62FF8 /* NewClassViewController.xib in Resources */,
				8F55A26B1826FE9D0062871F /* AddNewClassViewController.xib in Resources */,
				FA14085D181B517D00EFE6B9 /* message@2x.png in Resources */,
			);
			runOnlyForDeploymentPostprocessing = 0;
		};
/* End PBXResourcesBuildPhase section */

/* Begin PBXSourcesBuildPhase section */
		FAD00F02180399B2007996DC /* Sources */ = {
			isa = PBXSourcesBuildPhase;
			buildActionMask = 2147483647;
			files = (
				FA8399381827162500DDF1EE /* MessagesGroupsViewController.m in Sources */,
				FA4AE01A181F2D1E002F9D2A /* Reminder.m in Sources */,
				FA380128181C7F6800EBC2A6 /* AddReminderViewController.m in Sources */,
				FAD00F16180399B2007996DC /* main.m in Sources */,
				8F55A26E182712B70062871F /* HelperMethods.m in Sources */,
				FAD00F1A180399B2007996DC /* AppDelegate.m in Sources */,
				FAD00F23180399B3007996DC /* ViewController.m in Sources */,
				FAB364E11804410300AF7FE7 /* loginViewController.m in Sources */,
				1BA5638D18149C3300A62FF8 /* MessagesViewController.m in Sources */,
				FA41B839181C64E300D01E04 /* ShareMyClassData.xcdatamodeld in Sources */,
				1BA5639218149C5800A62FF8 /* RemindersViewController.m in Sources */,
				1BA5639718149C7600A62FF8 /* MyAccountViewController.m in Sources */,
				8F55A26A1826FE9D0062871F /* AddNewClassViewController.m in Sources */,
				1BA563A11814A8ED00A62FF8 /* NewClassViewController.m in Sources */,
			);
			runOnlyForDeploymentPostprocessing = 0;
		};
/* End PBXSourcesBuildPhase section */

/* Begin PBXVariantGroup section */
		FAD00F12180399B2007996DC /* InfoPlist.strings */ = {
			isa = PBXVariantGroup;
			children = (
				FAD00F13180399B2007996DC /* en */,
			);
			name = InfoPlist.strings;
			sourceTree = "<group>";
		};
		FAD00F24180399B3007996DC /* ViewController.xib */ = {
			isa = PBXVariantGroup;
			children = (
				FAD00F25180399B3007996DC /* en */,
			);
			name = ViewController.xib;
			sourceTree = "<group>";
		};
/* End PBXVariantGroup section */

/* Begin XCBuildConfiguration section */
		FAD00F27180399B3007996DC /* Debug */ = {
			isa = XCBuildConfiguration;
			buildSettings = {
				ALWAYS_SEARCH_USER_PATHS = NO;
				CLANG_CXX_LANGUAGE_STANDARD = "gnu++0x";
				CLANG_CXX_LIBRARY = "libc++";
				CLANG_ENABLE_OBJC_ARC = YES;
				CLANG_WARN_CONSTANT_CONVERSION = YES;
				CLANG_WARN_EMPTY_BODY = YES;
				CLANG_WARN_ENUM_CONVERSION = YES;
				CLANG_WARN_INT_CONVERSION = YES;
				CLANG_WARN__DUPLICATE_METHOD_MATCH = YES;
				"CODE_SIGN_IDENTITY[sdk=iphoneos*]" = "iPhone Developer";
				COPY_PHASE_STRIP = NO;
				GCC_C_LANGUAGE_STANDARD = gnu99;
				GCC_DYNAMIC_NO_PIC = NO;
				GCC_OPTIMIZATION_LEVEL = 0;
				GCC_PREPROCESSOR_DEFINITIONS = (
					"DEBUG=1",
					"$(inherited)",
				);
				GCC_SYMBOLS_PRIVATE_EXTERN = NO;
				GCC_WARN_ABOUT_RETURN_TYPE = YES;
				GCC_WARN_UNINITIALIZED_AUTOS = YES;
				GCC_WARN_UNUSED_VARIABLE = YES;
				IPHONEOS_DEPLOYMENT_TARGET = 6.1;
				ONLY_ACTIVE_ARCH = YES;
				SDKROOT = iphoneos;
			};
			name = Debug;
		};
		FAD00F28180399B3007996DC /* Release */ = {
			isa = XCBuildConfiguration;
			buildSettings = {
				ALWAYS_SEARCH_USER_PATHS = NO;
				CLANG_CXX_LANGUAGE_STANDARD = "gnu++0x";
				CLANG_CXX_LIBRARY = "libc++";
				CLANG_ENABLE_OBJC_ARC = YES;
				CLANG_WARN_CONSTANT_CONVERSION = YES;
				CLANG_WARN_EMPTY_BODY = YES;
				CLANG_WARN_ENUM_CONVERSION = YES;
				CLANG_WARN_INT_CONVERSION = YES;
				CLANG_WARN__DUPLICATE_METHOD_MATCH = YES;
				"CODE_SIGN_IDENTITY[sdk=iphoneos*]" = "iPhone Developer";
				COPY_PHASE_STRIP = YES;
				GCC_C_LANGUAGE_STANDARD = gnu99;
				GCC_WARN_ABOUT_RETURN_TYPE = YES;
				GCC_WARN_UNINITIALIZED_AUTOS = YES;
				GCC_WARN_UNUSED_VARIABLE = YES;
				IPHONEOS_DEPLOYMENT_TARGET = 6.1;
				OTHER_CFLAGS = "-DNS_BLOCK_ASSERTIONS=1";
				SDKROOT = iphoneos;
				VALIDATE_PRODUCT = YES;
			};
			name = Release;
		};
		FAD00F2A180399B3007996DC /* Debug */ = {
			isa = XCBuildConfiguration;
			buildSettings = {
				FRAMEWORK_SEARCH_PATHS = (
					"$(inherited)",
					"\"$(SRCROOT)\"",
				);
				GCC_PRECOMPILE_PREFIX_HEADER = YES;
				GCC_PREFIX_HEADER = "ShareMyClass/ShareMyClass-Prefix.pch";
				INFOPLIST_FILE = "ShareMyClass/ShareMyClass-Info.plist";
				IPHONEOS_DEPLOYMENT_TARGET = 6.1;
				PRODUCT_NAME = "$(TARGET_NAME)";
				WRAPPER_EXTENSION = app;
			};
			name = Debug;
		};
		FAD00F2B180399B3007996DC /* Release */ = {
			isa = XCBuildConfiguration;
			buildSettings = {
				FRAMEWORK_SEARCH_PATHS = (
					"$(inherited)",
					"\"$(SRCROOT)\"",
				);
				GCC_PRECOMPILE_PREFIX_HEADER = YES;
				GCC_PREFIX_HEADER = "ShareMyClass/ShareMyClass-Prefix.pch";
				INFOPLIST_FILE = "ShareMyClass/ShareMyClass-Info.plist";
				IPHONEOS_DEPLOYMENT_TARGET = 6.1;
				PRODUCT_NAME = "$(TARGET_NAME)";
				WRAPPER_EXTENSION = app;
			};
			name = Release;
		};
/* End XCBuildConfiguration section */

/* Begin XCConfigurationList section */
		FAD00F01180399B2007996DC /* Build configuration list for PBXProject "ShareMyClass" */ = {
			isa = XCConfigurationList;
			buildConfigurations = (
				FAD00F27180399B3007996DC /* Debug */,
				FAD00F28180399B3007996DC /* Release */,
			);
			defaultConfigurationIsVisible = 0;
			defaultConfigurationName = Release;
		};
		FAD00F29180399B3007996DC /* Build configuration list for PBXNativeTarget "ShareMyClass" */ = {
			isa = XCConfigurationList;
			buildConfigurations = (
				FAD00F2A180399B3007996DC /* Debug */,
				FAD00F2B180399B3007996DC /* Release */,
			);
			defaultConfigurationIsVisible = 0;
			defaultConfigurationName = Release;
		};
/* End XCConfigurationList section */

/* Begin XCVersionGroup section */
		FA41B837181C64E300D01E04 /* ShareMyClassData.xcdatamodeld */ = {
			isa = XCVersionGroup;
			children = (
				FA41B838181C64E300D01E04 /* ShareMyClassData.xcdatamodel */,
			);
			currentVersion = FA41B838181C64E300D01E04 /* ShareMyClassData.xcdatamodel */;
			path = ShareMyClassData.xcdatamodeld;
			sourceTree = "<group>";
			versionGroupType = wrapper.xcdatamodel;
		};
/* End XCVersionGroup section */
	};
	rootObject = FAD00EFE180399B2007996DC /* Project object */;
}
